// !$*UTF8*$!
{
	archiveVersion = 1;
	classes = {
	};
	objectVersion = 50;
	objects = {

/* Begin PBXBuildFile section */
		E64F42F6241F08B8002EC940 /* AppDelegate.swift in Sources */ = {isa = PBXBuildFile; fileRef = E64F42F5241F08B8002EC940 /* AppDelegate.swift */; };
		E64F42F8241F08B8002EC940 /* SceneDelegate.swift in Sources */ = {isa = PBXBuildFile; fileRef = E64F42F7241F08B8002EC940 /* SceneDelegate.swift */; };
		E64F42FB241F08B8002EC940 /* Amazon_Price_Tracker.xcdatamodeld in Sources */ = {isa = PBXBuildFile; fileRef = E64F42F9241F08B8002EC940 /* Amazon_Price_Tracker.xcdatamodeld */; };
		E64F42FD241F08B8002EC940 /* ContentView.swift in Sources */ = {isa = PBXBuildFile; fileRef = E64F42FC241F08B8002EC940 /* ContentView.swift */; };
		E64F42FF241F08BC002EC940 /* Assets.xcassets in Resources */ = {isa = PBXBuildFile; fileRef = E64F42FE241F08BC002EC940 /* Assets.xcassets */; };
		E64F4302241F08BC002EC940 /* Preview Assets.xcassets in Resources */ = {isa = PBXBuildFile; fileRef = E64F4301241F08BC002EC940 /* Preview Assets.xcassets */; };
		E64F4305241F08BC002EC940 /* LaunchScreen.storyboard in Resources */ = {isa = PBXBuildFile; fileRef = E64F4303241F08BC002EC940 /* LaunchScreen.storyboard */; };
/* End PBXBuildFile section */

/* Begin PBXFileReference section */
		E64F42F2241F08B8002EC940 /* Amazon Price Tracker.app */ = {isa = PBXFileReference; explicitFileType = wrapper.application; includeInIndex = 0; path = "Amazon Price Tracker.app"; sourceTree = BUILT_PRODUCTS_DIR; };
		E64F42F5241F08B8002EC940 /* AppDelegate.swift */ = {isa = PBXFileReference; lastKnownFileType = sourcecode.swift; path = AppDelegate.swift; sourceTree = "<group>"; };
		E64F42F7241F08B8002EC940 /* SceneDelegate.swift */ = {isa = PBXFileReference; lastKnownFileType = sourcecode.swift; path = SceneDelegate.swift; sourceTree = "<group>"; };
		E64F42FA241F08B8002EC940 /* Amazon_Price_Tracker.xcdatamodel */ = {isa = PBXFileReference; lastKnownFileType = wrapper.xcdatamodel; path = Amazon_Price_Tracker.xcdatamodel; sourceTree = "<group>"; };
		E64F42FC241F08B8002EC940 /* ContentView.swift */ = {isa = PBXFileReference; lastKnownFileType = sourcecode.swift; path = ContentView.swift; sourceTree = "<group>"; };
		E64F42FE241F08BC002EC940 /* Assets.xcassets */ = {isa = PBXFileReference; lastKnownFileType = folder.assetcatalog; path = Assets.xcassets; sourceTree = "<group>"; };
		E64F4301241F08BC002EC940 /* Preview Assets.xcassets */ = {isa = PBXFileReference; lastKnownFileType = folder.assetcatalog; path = "Preview Assets.xcassets"; sourceTree = "<group>"; };
		E64F4304241F08BC002EC940 /* Base */ = {isa = PBXFileReference; lastKnownFileType = file.storyboard; name = Base; path = Base.lproj/LaunchScreen.storyboard; sourceTree = "<group>"; };
		E64F4306241F08BC002EC940 /* Info.plist */ = {isa = PBXFileReference; lastKnownFileType = text.plist.xml; path = Info.plist; sourceTree = "<group>"; };
/* End PBXFileReference section */

/* Begin PBXFrameworksBuildPhase section */
		E64F42EF241F08B8002EC940 /* Frameworks */ = {
			isa = PBXFrameworksBuildPhase;
			buildActionMask = 2147483647;
			files = (
			);
			runOnlyForDeploymentPostprocessing = 0;
		};
/* End PBXFrameworksBuildPhase section */

/* Begin PBXGroup section */
		E64F42E9241F08B8002EC940 = {
			isa = PBXGroup;
			children = (
				E64F42F4241F08B8002EC940 /* Amazon Price Tracker */,
				E64F42F3241F08B8002EC940 /* Products */,
			);
			sourceTree = "<group>";
		};
		E64F42F3241F08B8002EC940 /* Products */ = {
			isa = PBXGroup;
			children = (
				E64F42F2241F08B8002EC940 /* Amazon Price Tracker.app */,
			);
			name = Products;
			sourceTree = "<group>";
		};
		E64F42F4241F08B8002EC940 /* Amazon Price Tracker */ = {
			isa = PBXGroup;
			children = (
				E64F42F5241F08B8002EC940 /* AppDelegate.swift */,
				E64F42F7241F08B8002EC940 /* SceneDelegate.swift */,
				E64F42FC241F08B8002EC940 /* ContentView.swift */,
				E64F42FE241F08BC002EC940 /* Assets.xcassets */,
				E64F4303241F08BC002EC940 /* LaunchScreen.storyboard */,
				E64F4306241F08BC002EC940 /* Info.plist */,
				E64F42F9241F08B8002EC940 /* Amazon_Price_Tracker.xcdatamodeld */,
				E64F4300241F08BC002EC940 /* Preview Content */,
			);
			path = "Amazon Price Tracker";
			sourceTree = "<group>";
		};
		E64F4300241F08BC002EC940 /* Preview Content */ = {
			isa = PBXGroup;
			children = (
				E64F4301241F08BC002EC940 /* Preview Assets.xcassets */,
			);
			path = "Preview Content";
			sourceTree = "<group>";
		};
/* End PBXGroup section */

/* Begin PBXNativeTarget section */
		E64F42F1241F08B8002EC940 /* Amazon Price Tracker */ = {
			isa = PBXNativeTarget;
			buildConfigurationList = E64F4309241F08BC002EC940 /* Build configuration list for PBXNativeTarget "Amazon Price Tracker" */;
			buildPhases = (
				E64F42EE241F08B8002EC940 /* Sources */,
				E64F42EF241F08B8002EC940 /* Frameworks */,
				E64F42F0241F08B8002EC940 /* Resources */,
			);
			buildRules = (
			);
			dependencies = (
			);
			name = "Amazon Price Tracker";
			productName = "Amazon Price Tracker";
			productReference = E64F42F2241F08B8002EC940 /* Amazon Price Tracker.app */;
			productType = "com.apple.product-type.application";
		};
/* End PBXNativeTarget section */

/* Begin PBXProject section */
		E64F42EA241F08B8002EC940 /* Project object */ = {
			isa = PBXProject;
			attributes = {
				LastSwiftUpdateCheck = 1120;
				LastUpgradeCheck = 1120;
				ORGANIZATIONNAME = "Santiago Yeomans";
				TargetAttributes = {
					E64F42F1241F08B8002EC940 = {
						CreatedOnToolsVersion = 11.2.1;
					};
				};
			};
			buildConfigurationList = E64F42ED241F08B8002EC940 /* Build configuration list for PBXProject "Amazon Price Tracker" */;
			compatibilityVersion = "Xcode 9.3";
			developmentRegion = en;
			hasScannedForEncodings = 0;
			knownRegions = (
				en,
				Base,
			);
			mainGroup = E64F42E9241F08B8002EC940;
			productRefGroup = E64F42F3241F08B8002EC940 /* Products */;
			projectDirPath = "";
			projectRoot = "";
			targets = (
				E64F42F1241F08B8002EC940 /* Amazon Price Tracker */,
			);
		};
/* End PBXProject section */

/* Begin PBXResourcesBuildPhase section */
		E64F42F0241F08B8002EC940 /* Resources */ = {
			isa = PBXResourcesBuildPhase;
			buildActionMask = 2147483647;
			files = (
				E64F4305241F08BC002EC940 /* LaunchScreen.storyboard in Resources */,
				E64F4302241F08BC002EC940 /* Preview Assets.xcassets in Resources */,
				E64F42FF241F08BC002EC940 /* Assets.xcassets in Resources */,
			);
			runOnlyForDeploymentPostprocessing = 0;
		};
/* End PBXResourcesBuildPhase section */

/* Begin PBXSourcesBuildPhase section */
		E64F42EE241F08B8002EC940 /* Sources */ = {
			isa = PBXSourcesBuildPhase;
			buildActionMask = 2147483647;
			files = (
				E64F42FB241F08B8002EC940 /* Amazon_Price_Tracker.xcdatamodeld in Sources */,
				E64F42F6241F08B8002EC940 /* AppDelegate.swift in Sources */,
				E64F42FD241F08B8002EC940 /* ContentView.swift in Sources */,
				E64F42F8241F08B8002EC940 /* SceneDelegate.swift in Sources */,
			);
			runOnlyForDeploymentPostprocessing = 0;
		};
/* End PBXSourcesBuildPhase section */

/* Begin PBXVariantGroup section */
		E64F4303241F08BC002EC940 /* LaunchScreen.storyboard */ = {
			isa = PBXVariantGroup;
			children = (
				E64F4304241F08BC002EC940 /* Base */,
			);
			name = LaunchScreen.storyboard;
			sourceTree = "<group>";
		};
/* End PBXVariantGroup section */

/* Begin XCBuildConfiguration section */
		E64F4307241F08BC002EC940 /* Debug */ = {
			isa = XCBuildConfiguration;
			buildSettings = {
				ALWAYS_SEARCH_USER_PATHS = NO;
				CLANG_ANALYZER_NONNULL = YES;
				CLANG_ANALYZER_NUMBER_OBJECT_CONVERSION = YES_AGGRESSIVE;
				CLANG_CXX_LANGUAGE_STANDARD = "gnu++14";
				CLANG_CXX_LIBRARY = "libc++";
				CLANG_ENABLE_MODULES = YES;
				CLANG_ENABLE_OBJC_ARC = YES;
				CLANG_ENABLE_OBJC_WEAK = YES;
				CLANG_WARN_BLOCK_CAPTURE_AUTORELEASING = YES;
				CLANG_WARN_BOOL_CONVERSION = YES;
				CLANG_WARN_COMMA = YES;
				CLANG_WARN_CONSTANT_CONVERSION = YES;
				CLANG_WARN_DEPRECATED_OBJC_IMPLEMENTATIONS = YES;
				CLANG_WARN_DIRECT_OBJC_ISA_USAGE = YES_ERROR;
				CLANG_WARN_DOCUMENTATION_COMMENTS = YES;
				CLANG_WARN_EMPTY_BODY = YES;
				CLANG_WARN_ENUM_CONVERSION = YES;
				CLANG_WARN_INFINITE_RECURSION = YES;
				CLANG_WARN_INT_CONVERSION = YES;
				CLANG_WARN_NON_LITERAL_NULL_CONVERSION = YES;
				CLANG_WARN_OBJC_IMPLICIT_RETAIN_SELF = YES;
				CLANG_WARN_OBJC_LITERAL_CONVERSION = YES;
				CLANG_WARN_OBJC_ROOT_CLASS = YES_ERROR;
				CLANG_WARN_RANGE_LOOP_ANALYSIS = YES;
				CLANG_WARN_STRICT_PROTOTYPES = YES;
				CLANG_WARN_SUSPICIOUS_MOVE = YES;
				CLANG_WARN_UNGUARDED_AVAILABILITY = YES_AGGRESSIVE;
				CLANG_WARN_UNREACHABLE_CODE = YES;
				CLANG_WARN__DUPLICATE_METHOD_MATCH = YES;
				COPY_PHASE_STRIP = NO;
				DEBUG_INFORMATION_FORMAT = dwarf;
				ENABLE_STRICT_OBJC_MSGSEND = YES;
				ENABLE_TESTABILITY = YES;
				GCC_C_LANGUAGE_STANDARD = gnu11;
				GCC_DYNAMIC_NO_PIC = NO;
				GCC_NO_COMMON_BLOCKS = YES;
				GCC_OPTIMIZATION_LEVEL = 0;
				GCC_PREPROCESSOR_DEFINITIONS = (
					"DEBUG=1",
					"$(inherited)",
				);
				GCC_WARN_64_TO_32_BIT_CONVERSION = YES;
				GCC_WARN_ABOUT_RETURN_TYPE = YES_ERROR;
				GCC_WARN_UNDECLARED_SELECTOR = YES;
				GCC_WARN_UNINITIALIZED_AUTOS = YES_AGGRESSIVE;
				GCC_WARN_UNUSED_FUNCTION = YES;
				GCC_WARN_UNUSED_VARIABLE = YES;
				IPHONEOS_DEPLOYMENT_TARGET = 13.2;
				MTL_ENABLE_DEBUG_INFO = INCLUDE_SOURCE;
				MTL_FAST_MATH = YES;
				ONLY_ACTIVE_ARCH = YES;
				SDKROOT = iphoneos;
				SWIFT_ACTIVE_COMPILATION_CONDITIONS = DEBUG;
				SWIFT_OPTIMIZATION_LEVEL = "-Onone";
			};
			name = Debug;
		};
		E64F4308241F08BC002EC940 /* Release */ = {
			isa = XCBuildConfiguration;
			buildSettings = {
				ALWAYS_SEARCH_USER_PATHS = NO;
				CLANG_ANALYZER_NONNULL = YES;
				CLANG_ANALYZER_NUMBER_OBJECT_CONVERSION = YES_AGGRESSIVE;
				CLANG_CXX_LANGUAGE_STANDARD = "gnu++14";
				CLANG_CXX_LIBRARY = "libc++";
				CLANG_ENABLE_MODULES = YES;
				CLANG_ENABLE_OBJC_ARC = YES;
				CLANG_ENABLE_OBJC_WEAK = YES;
				CLANG_WARN_BLOCK_CAPTURE_AUTORELEASING = YES;
				CLANG_WARN_BOOL_CONVERSION = YES;
				CLANG_WARN_COMMA = YES;
				CLANG_WARN_CONSTANT_CONVERSION = YES;
				CLANG_WARN_DEPRECATED_OBJC_IMPLEMENTATIONS = YES;
				CLANG_WARN_DIRECT_OBJC_ISA_USAGE = YES_ERROR;
				CLANG_WARN_DOCUMENTATION_COMMENTS = YES;
				CLANG_WARN_EMPTY_BODY = YES;
				CLANG_WARN_ENUM_CONVERSION = YES;
				CLANG_WARN_INFINITE_RECURSION = YES;
				CLANG_WARN_INT_CONVERSION = YES;
				CLANG_WARN_NON_LITERAL_NULL_CONVERSION = YES;
				CLANG_WARN_OBJC_IMPLICIT_RETAIN_SELF = YES;
				CLANG_WARN_OBJC_LITERAL_CONVERSION = YES;
				CLANG_WARN_OBJC_ROOT_CLASS = YES_ERROR;
				CLANG_WARN_RANGE_LOOP_ANALYSIS = YES;
				CLANG_WARN_STRICT_PROTOTYPES = YES;
				CLANG_WARN_SUSPICIOUS_MOVE = YES;
				CLANG_WARN_UNGUARDED_AVAILABILITY = YES_AGGRESSIVE;
				CLANG_WARN_UNREACHABLE_CODE = YES;
				CLANG_WARN__DUPLICATE_METHOD_MATCH = YES;
				COPY_PHASE_STRIP = NO;
				DEBUG_INFORMATION_FORMAT = "dwarf-with-dsym";
				ENABLE_NS_ASSERTIONS = NO;
				ENABLE_STRICT_OBJC_MSGSEND = YES;
				GCC_C_LANGUAGE_STANDARD = gnu11;
				GCC_NO_COMMON_BLOCKS = YES;
				GCC_WARN_64_TO_32_BIT_CONVERSION = YES;
				GCC_WARN_ABOUT_RETURN_TYPE = YES_ERROR;
				GCC_WARN_UNDECLARED_SELECTOR = YES;
				GCC_WARN_UNINITIALIZED_AUTOS = YES_AGGRESSIVE;
				GCC_WARN_UNUSED_FUNCTION = YES;
				GCC_WARN_UNUSED_VARIABLE = YES;
				IPHONEOS_DEPLOYMENT_TARGET = 13.2;
				MTL_ENABLE_DEBUG_INFO = NO;
				MTL_FAST_MATH = YES;
				SDKROOT = iphoneos;
				SWIFT_COMPILATION_MODE = wholemodule;
				SWIFT_OPTIMIZATION_LEVEL = "-O";
				VALIDATE_PRODUCT = YES;
			};
			name = Release;
		};
		E64F430A241F08BC002EC940 /* Debug */ = {
			isa = XCBuildConfiguration;
			buildSettings = {
				ASSETCATALOG_COMPILER_APPICON_NAME = AppIcon;
				CODE_SIGN_STYLE = Automatic;
				DEVELOPMENT_ASSET_PATHS = "\"Amazon Price Tracker/Preview Content\"";
				DEVELOPMENT_TEAM = ZNB3TG4R9B;
				ENABLE_PREVIEWS = YES;
				INFOPLIST_FILE = "Amazon Price Tracker/Info.plist";
				LD_RUNPATH_SEARCH_PATHS = (
					"$(inherited)",
					"@executable_path/Frameworks",
				);
				PRODUCT_BUNDLE_IDENTIFIER = "Santiago-Yeomans.Amazon-Price-Tracker";
				PRODUCT_NAME = "$(TARGET_NAME)";
				SWIFT_VERSION = 5.0;
				TARGETED_DEVICE_FAMILY = "1,2";
			};
			name = Debug;
		};
		E64F430B241F08BC002EC940 /* Release */ = {
			isa = XCBuildConfiguration;
			buildSettings = {
				ASSETCATALOG_COMPILER_APPICON_NAME = AppIcon;
				CODE_SIGN_STYLE = Automatic;
				DEVELOPMENT_ASSET_PATHS = "\"Amazon Price Tracker/Preview Content\"";
				DEVELOPMENT_TEAM = ZNB3TG4R9B;
				ENABLE_PREVIEWS = YES;
				INFOPLIST_FILE = "Amazon Price Tracker/Info.plist";
				LD_RUNPATH_SEARCH_PATHS = (
					"$(inherited)",
					"@executable_path/Frameworks",
				);
				PRODUCT_BUNDLE_IDENTIFIER = "Santiago-Yeomans.Amazon-Price-Tracker";
				PRODUCT_NAME = "$(TARGET_NAME)";
				SWIFT_VERSION = 5.0;
				TARGETED_DEVICE_FAMILY = "1,2";
			};
			name = Release;
		};
/* End XCBuildConfiguration section */

/* Begin XCConfigurationList section */
		E64F42ED241F08B8002EC940 /* Build configuration list for PBXProject "Amazon Price Tracker" */ = {
			isa = XCConfigurationList;
			buildConfigurations = (
				E64F4307241F08BC002EC940 /* Debug */,
				E64F4308241F08BC002EC940 /* Release */,
			);
			defaultConfigurationIsVisible = 0;
			defaultConfigurationName = Release;
		};
		E64F4309241F08BC002EC940 /* Build configuration list for PBXNativeTarget "Amazon Price Tracker" */ = {
			isa = XCConfigurationList;
			buildConfigurations = (
				E64F430A241F08BC002EC940 /* Debug */,
				E64F430B241F08BC002EC940 /* Release */,
			);
			defaultConfigurationIsVisible = 0;
			defaultConfigurationName = Release;
		};
/* End XCConfigurationList section */

/* Begin XCVersionGroup section */
		E64F42F9241F08B8002EC940 /* Amazon_Price_Tracker.xcdatamodeld */ = {
			isa = XCVersionGroup;
			children = (
				E64F42FA241F08B8002EC940 /* Amazon_Price_Tracker.xcdatamodel */,
			);
			currentVersion = E64F42FA241F08B8002EC940 /* Amazon_Price_Tracker.xcdatamodel */;
			path = Amazon_Price_Tracker.xcdatamodeld;
			sourceTree = "<group>";
			versionGroupType = wrapper.xcdatamodel;
		};
/* End XCVersionGroup section */
	};
	rootObject = E64F42EA241F08B8002EC940 /* Project object */;
}
